
Microsoft Visual Studio Solution File, Format Version 12.00
# Visual Studio Version 17
VisualStudioVersion = 17.0.31903.59
MinimumVisualStudioVersion = 10.0.40219.1
Project("{2150E333-8FDC-42A3-9474-1A3956D46DE8}") = "src", "src", "{827E0CD3-B72D-47B6-A68D-7590B98EB39B}"
EndProject
Project("{FAE04EC0-301F-11D3-BF4B-00C04F79EFBC}") = "SDS.Domain", "src\SDS.Domain\SDS.Domain.csproj", "{DF8C3B86-EDD3-4F23-ADA5-A3957C001FB7}"
EndProject
Project("{FAE04EC0-301F-11D3-BF4B-00C04F79EFBC}") = "SDS.Application", "src\SDS.Application\SDS.Application.csproj", "{783A0E7E-BDE8-4BED-87CB-B6F73F5C2A88}"
EndProject
Project("{FAE04EC0-301F-11D3-BF4B-00C04F79EFBC}") = "SDS.Infrastructure", "src\SDS.Infrastructure\SDS.Infrastructure.csproj", "{04B05952-2B55-4587-AAB3-619AFD94A0C2}"
EndProject
Project("{FAE04EC0-301F-11D3-BF4B-00C04F79EFBC}") = "SDS.API", "src\SDS.API\SDS.API.csproj", "{D5BD59F3-190B-447E-8DE9-463C82F962A3}"
EndProject
Global
	GlobalSection(SolutionConfigurationPlatforms) = preSolution
		Debug|Any CPU = Debug|Any CPU
		Debug|x64 = Debug|x64
		Debug|x86 = Debug|x86
		Release|Any CPU = Release|Any CPU
		Release|x64 = Release|x64
		Release|x86 = Release|x86
	EndGlobalSection
	GlobalSection(ProjectConfigurationPlatforms) = postSolution
		{DF8C3B86-EDD3-4F23-ADA5-A3957C001FB7}.Debug|Any CPU.ActiveCfg = Debug|Any CPU
		{DF8C3B86-EDD3-4F23-ADA5-A3957C001FB7}.Debug|Any CPU.Build.0 = Debug|Any CPU
		{DF8C3B86-EDD3-4F23-ADA5-A3957C001FB7}.Debug|x64.ActiveCfg = Debug|Any CPU
		{DF8C3B86-EDD3-4F23-ADA5-A3957C001FB7}.Debug|x64.Build.0 = Debug|Any CPU
		{DF8C3B86-EDD3-4F23-ADA5-A3957C001FB7}.Debug|x86.ActiveCfg = Debug|Any CPU
		{DF8C3B86-EDD3-4F23-ADA5-A3957C001FB7}.Debug|x86.Build.0 = Debug|Any CPU
		{DF8C3B86-EDD3-4F23-ADA5-A3957C001FB7}.Release|Any CPU.ActiveCfg = Release|Any CPU
		{DF8C3B86-EDD3-4F23-ADA5-A3957C001FB7}.Release|Any CPU.Build.0 = Release|Any CPU
		{DF8C3B86-EDD3-4F23-ADA5-A3957C001FB7}.Release|x64.ActiveCfg = Release|Any CPU
		{DF8C3B86-EDD3-4F23-ADA5-A3957C001FB7}.Release|x64.Build.0 = Release|Any CPU
		{DF8C3B86-EDD3-4F23-ADA5-A3957C001FB7}.Release|x86.ActiveCfg = Release|Any CPU
		{DF8C3B86-EDD3-4F23-ADA5-A3957C001FB7}.Release|x86.Build.0 = Release|Any CPU
		{783A0E7E-BDE8-4BED-87CB-B6F73F5C2A88}.Debug|Any CPU.ActiveCfg = Debug|Any CPU
		{783A0E7E-BDE8-4BED-87CB-B6F73F5C2A88}.Debug|Any CPU.Build.0 = Debug|Any CPU
		{783A0E7E-BDE8-4BED-87CB-B6F73F5C2A88}.Debug|x64.ActiveCfg = Debug|Any CPU
		{783A0E7E-BDE8-4BED-87CB-B6F73F5C2A88}.Debug|x64.Build.0 = Debug|Any CPU
		{783A0E7E-BDE8-4BED-87CB-B6F73F5C2A88}.Debug|x86.ActiveCfg = Debug|Any CPU
		{783A0E7E-BDE8-4BED-87CB-B6F73F5C2A88}.Debug|x86.Build.0 = Debug|Any CPU
		{783A0E7E-BDE8-4BED-87CB-B6F73F5C2A88}.Release|Any CPU.ActiveCfg = Release|Any CPU
		{783A0E7E-BDE8-4BED-87CB-B6F73F5C2A88}.Release|Any CPU.Build.0 = Release|Any CPU
		{783A0E7E-BDE8-4BED-87CB-B6F73F5C2A88}.Release|x64.ActiveCfg = Release|Any CPU
		{783A0E7E-BDE8-4BED-87CB-B6F73F5C2A88}.Release|x64.Build.0 = Release|Any CPU
		{783A0E7E-BDE8-4BED-87CB-B6F73F5C2A88}.Release|x86.ActiveCfg = Release|Any CPU
		{783A0E7E-BDE8-4BED-87CB-B6F73F5C2A88}.Release|x86.Build.0 = Release|Any CPU
		{04B05952-2B55-4587-AAB3-619AFD94A0C2}.Debug|Any CPU.ActiveCfg = Debug|Any CPU
		{04B05952-2B55-4587-AAB3-619AFD94A0C2}.Debug|Any CPU.Build.0 = Debug|Any CPU
		{04B05952-2B55-4587-AAB3-619AFD94A0C2}.Debug|x64.ActiveCfg = Debug|Any CPU
		{04B05952-2B55-4587-AAB3-619AFD94A0C2}.Debug|x64.Build.0 = Debug|Any CPU
		{04B05952-2B55-4587-AAB3-619AFD94A0C2}.Debug|x86.ActiveCfg = Debug|Any CPU
		{04B05952-2B55-4587-AAB3-619AFD94A0C2}.Debug|x86.Build.0 = Debug|Any CPU
		{04B05952-2B55-4587-AAB3-619AFD94A0C2}.Release|Any CPU.ActiveCfg = Release|Any CPU
		{04B05952-2B55-4587-AAB3-619AFD94A0C2}.Release|Any CPU.Build.0 = Release|Any CPU
		{04B05952-2B55-4587-AAB3-619AFD94A0C2}.Release|x64.ActiveCfg = Release|Any CPU
		{04B05952-2B55-4587-AAB3-619AFD94A0C2}.Release|x64.Build.0 = Release|Any CPU
		{04B05952-2B55-4587-AAB3-619AFD94A0C2}.Release|x86.ActiveCfg = Release|Any CPU
		{04B05952-2B55-4587-AAB3-619AFD94A0C2}.Release|x86.Build.0 = Release|Any CPU
		{D5BD59F3-190B-447E-8DE9-463C82F962A3}.Debug|Any CPU.ActiveCfg = Debug|Any CPU
		{D5BD59F3-190B-447E-8DE9-463C82F962A3}.Debug|Any CPU.Build.0 = Debug|Any CPU
		{D5BD59F3-190B-447E-8DE9-463C82F962A3}.Debug|x64.ActiveCfg = Debug|Any CPU
		{D5BD59F3-190B-447E-8DE9-463C82F962A3}.Debug|x64.Build.0 = Debug|Any CPU
		{D5BD59F3-190B-447E-8DE9-463C82F962A3}.Debug|x86.ActiveCfg = Debug|Any CPU
		{D5BD59F3-190B-447E-8DE9-463C82F962A3}.Debug|x86.Build.0 = Debug|Any CPU
		{D5BD59F3-190B-447E-8DE9-463C82F962A3}.Release|Any CPU.ActiveCfg = Release|Any CPU
		{D5BD59F3-190B-447E-8DE9-463C82F962A3}.Release|Any CPU.Build.0 = Release|Any CPU
		{D5BD59F3-190B-447E-8DE9-463C82F962A3}.Release|x64.ActiveCfg = Release|Any CPU
		{D5BD59F3-190B-447E-8DE9-463C82F962A3}.Release|x64.Build.0 = Release|Any CPU
		{D5BD59F3-190B-447E-8DE9-463C82F962A3}.Release|x86.ActiveCfg = Release|Any CPU
		{D5BD59F3-190B-447E-8DE9-463C82F962A3}.Release|x86.Build.0 = Release|Any CPU
	EndGlobalSection
	GlobalSection(SolutionProperties) = preSolution
		HideSolutionNode = FALSE
	EndGlobalSection
	GlobalSection(NestedProjects) = preSolution
		{DF8C3B86-EDD3-4F23-ADA5-A3957C001FB7} = {827E0CD3-B72D-47B6-A68D-7590B98EB39B}
		{783A0E7E-BDE8-4BED-87CB-B6F73F5C2A88} = {827E0CD3-B72D-47B6-A68D-7590B98EB39B}
		{04B05952-2B55-4587-AAB3-619AFD94A0C2} = {827E0CD3-B72D-47B6-A68D-7590B98EB39B}
		{D5BD59F3-190B-447E-8DE9-463C82F962A3} = {827E0CD3-B72D-47B6-A68D-7590B98EB39B}
	EndGlobalSection
EndGlobal
